
Microsoft Visual Studio Solution File, Format Version 12.00
# Visual Studio Version 17
VisualStudioVersion = 17.7.34024.191
MinimumVisualStudioVersion = 10.0.40219.1
Project("{FAE04EC0-301F-11D3-BF4B-00C04F79EFBC}") = "HotelSystemReview0", "HotelSystemReview0\HotelSystemReview0.csproj", "{8D8DA9E5-ECBA-42C0-A2BA-3F458C88847F}"
EndProject
Global
	GlobalSection(SolutionConfigurationPlatforms) = preSolution
		Debug|Any CPU = Debug|Any CPU
		Release|Any CPU = Release|Any CPU
	EndGlobalSection
	GlobalSection(ProjectConfigurationPlatforms) = postSolution
		{8D8DA9E5-ECBA-42C0-A2BA-3F458C88847F}.Debug|Any CPU.ActiveCfg = Debug|Any CPU
		{8D8DA9E5-ECBA-42C0-A2BA-3F458C88847F}.Debug|Any CPU.Build.0 = Debug|Any CPU
		{8D8DA9E5-ECBA-42C0-A2BA-3F458C88847F}.Release|Any CPU.ActiveCfg = Release|Any CPU
		{8D8DA9E5-ECBA-42C0-A2BA-3F458C88847F}.Release|Any CPU.Build.0 = Release|Any CPU
	EndGlobalSection
	GlobalSection(SolutionProperties) = preSolution
		HideSolutionNode = FALSE
	EndGlobalSection
	GlobalSection(ExtensibilityGlobals) = postSolution
		SolutionGuid = {6D2AA2E4-2684-4A0C-81D5-D5DA82C70F40}
	EndGlobalSection
EndGlobal
